// !$*UTF8*$!
{
	archiveVersion = 1;
	classes = {
	};
	objectVersion = 46;
	objects = {

/* Begin PBXBuildFile section */
		3AB2A7D919E058AC00227980 /* main.m in Sources */ = {isa = PBXBuildFile; fileRef = 3AB2A7D819E058AC00227980 /* main.m */; };
		3AB2A7DC19E058AC00227980 /* AppDelegate.m in Sources */ = {isa = PBXBuildFile; fileRef = 3AB2A7DB19E058AC00227980 /* AppDelegate.m */; };
		3AB2A7DE19E058AC00227980 /* Images.xcassets in Resources */ = {isa = PBXBuildFile; fileRef = 3AB2A7DD19E058AC00227980 /* Images.xcassets */; };
		3AB2A7E119E058AC00227980 /* MainMenu.xib in Resources */ = {isa = PBXBuildFile; fileRef = 3AB2A7DF19E058AC00227980 /* MainMenu.xib */; };
		3AB2A7ED19E058AC00227980 /* KeychainUnlockerTests.m in Sources */ = {isa = PBXBuildFile; fileRef = 3AB2A7EC19E058AC00227980 /* KeychainUnlockerTests.m */; };
		3ADDFCB019E3075E00335EE7 /* SetupViewController.m in Sources */ = {isa = PBXBuildFile; fileRef = 3ADDFCAE19E3075E00335EE7 /* SetupViewController.m */; };
		3ADDFCB119E3075E00335EE7 /* SetupViewController.xib in Resources */ = {isa = PBXBuildFile; fileRef = 3ADDFCAF19E3075E00335EE7 /* SetupViewController.xib */; };
/* End PBXBuildFile section */

/* Begin PBXContainerItemProxy section */
		3AB2A7E719E058AC00227980 /* PBXContainerItemProxy */ = {
			isa = PBXContainerItemProxy;
			containerPortal = 3AB2A7CB19E058AC00227980 /* Project object */;
			proxyType = 1;
			remoteGlobalIDString = 3AB2A7D219E058AC00227980;
			remoteInfo = KeychainUnlocker;
		};
/* End PBXContainerItemProxy section */

/* Begin PBXFileReference section */
		3A87751419E4761D0025A330 /* KeychainUnlocker.entitlements */ = {isa = PBXFileReference; lastKnownFileType = text.xml; path = KeychainUnlocker.entitlements; sourceTree = "<group>"; };
		3AB2A7D319E058AC00227980 /* KeychainUnlocker.app */ = {isa = PBXFileReference; explicitFileType = wrapper.application; includeInIndex = 0; path = KeychainUnlocker.app; sourceTree = BUILT_PRODUCTS_DIR; };
		3AB2A7D719E058AC00227980 /* Info.plist */ = {isa = PBXFileReference; lastKnownFileType = text.plist.xml; path = Info.plist; sourceTree = "<group>"; };
		3AB2A7D819E058AC00227980 /* main.m */ = {isa = PBXFileReference; lastKnownFileType = sourcecode.c.objc; path = main.m; sourceTree = "<group>"; };
		3AB2A7DA19E058AC00227980 /* AppDelegate.h */ = {isa = PBXFileReference; lastKnownFileType = sourcecode.c.h; path = AppDelegate.h; sourceTree = "<group>"; };
		3AB2A7DB19E058AC00227980 /* AppDelegate.m */ = {isa = PBXFileReference; lastKnownFileType = sourcecode.c.objc; path = AppDelegate.m; sourceTree = "<group>"; };
		3AB2A7DD19E058AC00227980 /* Images.xcassets */ = {isa = PBXFileReference; lastKnownFileType = folder.assetcatalog; path = Images.xcassets; sourceTree = "<group>"; };
		3AB2A7E019E058AC00227980 /* Base */ = {isa = PBXFileReference; lastKnownFileType = file.xib; name = Base; path = Base.lproj/MainMenu.xib; sourceTree = "<group>"; };
		3AB2A7E619E058AC00227980 /* KeychainUnlockerTests.xctest */ = {isa = PBXFileReference; explicitFileType = wrapper.cfbundle; includeInIndex = 0; path = KeychainUnlockerTests.xctest; sourceTree = BUILT_PRODUCTS_DIR; };
		3AB2A7EB19E058AC00227980 /* Info.plist */ = {isa = PBXFileReference; lastKnownFileType = text.plist.xml; path = Info.plist; sourceTree = "<group>"; };
		3AB2A7EC19E058AC00227980 /* KeychainUnlockerTests.m */ = {isa = PBXFileReference; lastKnownFileType = sourcecode.c.objc; path = KeychainUnlockerTests.m; sourceTree = "<group>"; };
		3ADDFCAD19E3075E00335EE7 /* SetupViewController.h */ = {isa = PBXFileReference; fileEncoding = 4; lastKnownFileType = sourcecode.c.h; path = SetupViewController.h; sourceTree = "<group>"; };
		3ADDFCAE19E3075E00335EE7 /* SetupViewController.m */ = {isa = PBXFileReference; fileEncoding = 4; lastKnownFileType = sourcecode.c.objc; path = SetupViewController.m; sourceTree = "<group>"; };
		3ADDFCAF19E3075E00335EE7 /* SetupViewController.xib */ = {isa = PBXFileReference; fileEncoding = 4; lastKnownFileType = file.xib; path = SetupViewController.xib; sourceTree = "<group>"; };
/* End PBXFileReference section */

/* Begin PBXFrameworksBuildPhase section */
		3AB2A7D019E058AC00227980 /* Frameworks */ = {
			isa = PBXFrameworksBuildPhase;
			buildActionMask = 2147483647;
			files = (
			);
			runOnlyForDeploymentPostprocessing = 0;
		};
		3AB2A7E319E058AC00227980 /* Frameworks */ = {
			isa = PBXFrameworksBuildPhase;
			buildActionMask = 2147483647;
			files = (
			);
			runOnlyForDeploymentPostprocessing = 0;
		};
/* End PBXFrameworksBuildPhase section */

/* Begin PBXGroup section */
		3AB2A7CA19E058AC00227980 = {
			isa = PBXGroup;
			children = (
				3AB2A7D519E058AC00227980 /* KeychainUnlocker */,
				3AB2A7E919E058AC00227980 /* KeychainUnlockerTests */,
				3AB2A7D419E058AC00227980 /* Products */,
			);
			sourceTree = "<group>";
		};
		3AB2A7D419E058AC00227980 /* Products */ = {
			isa = PBXGroup;
			children = (
				3AB2A7D319E058AC00227980 /* KeychainUnlocker.app */,
				3AB2A7E619E058AC00227980 /* KeychainUnlockerTests.xctest */,
			);
			name = Products;
			sourceTree = "<group>";
		};
		3AB2A7D519E058AC00227980 /* KeychainUnlocker */ = {
			isa = PBXGroup;
			children = (
				3A87751419E4761D0025A330 /* KeychainUnlocker.entitlements */,
				3AB2A7DA19E058AC00227980 /* AppDelegate.h */,
				3AB2A7DB19E058AC00227980 /* AppDelegate.m */,
				3ADDFCAD19E3075E00335EE7 /* SetupViewController.h */,
				3ADDFCAE19E3075E00335EE7 /* SetupViewController.m */,
				3ADDFCAF19E3075E00335EE7 /* SetupViewController.xib */,
				3AB2A7DD19E058AC00227980 /* Images.xcassets */,
				3AB2A7DF19E058AC00227980 /* MainMenu.xib */,
				3AB2A7D619E058AC00227980 /* Supporting Files */,
			);
			path = KeychainUnlocker;
			sourceTree = "<group>";
		};
		3AB2A7D619E058AC00227980 /* Supporting Files */ = {
			isa = PBXGroup;
			children = (
				3AB2A7D719E058AC00227980 /* Info.plist */,
				3AB2A7D819E058AC00227980 /* main.m */,
			);
			name = "Supporting Files";
			sourceTree = "<group>";
		};
		3AB2A7E919E058AC00227980 /* KeychainUnlockerTests */ = {
			isa = PBXGroup;
			children = (
				3AB2A7EC19E058AC00227980 /* KeychainUnlockerTests.m */,
				3AB2A7EA19E058AC00227980 /* Supporting Files */,
			);
			path = KeychainUnlockerTests;
			sourceTree = "<group>";
		};
		3AB2A7EA19E058AC00227980 /* Supporting Files */ = {
			isa = PBXGroup;
			children = (
				3AB2A7EB19E058AC00227980 /* Info.plist */,
			);
			name = "Supporting Files";
			sourceTree = "<group>";
		};
/* End PBXGroup section */

/* Begin PBXNativeTarget section */
		3AB2A7D219E058AC00227980 /* KeychainUnlocker */ = {
			isa = PBXNativeTarget;
			buildConfigurationList = 3AB2A7F019E058AC00227980 /* Build configuration list for PBXNativeTarget "KeychainUnlocker" */;
			buildPhases = (
				3AB2A7CF19E058AC00227980 /* Sources */,
				3AB2A7D019E058AC00227980 /* Frameworks */,
				3AB2A7D119E058AC00227980 /* Resources */,
			);
			buildRules = (
			);
			dependencies = (
			);
			name = KeychainUnlocker;
			productName = KeychainUnlocker;
			productReference = 3AB2A7D319E058AC00227980 /* KeychainUnlocker.app */;
			productType = "com.apple.product-type.application";
		};
		3AB2A7E519E058AC00227980 /* KeychainUnlockerTests */ = {
			isa = PBXNativeTarget;
			buildConfigurationList = 3AB2A7F319E058AC00227980 /* Build configuration list for PBXNativeTarget "KeychainUnlockerTests" */;
			buildPhases = (
				3AB2A7E219E058AC00227980 /* Sources */,
				3AB2A7E319E058AC00227980 /* Frameworks */,
				3AB2A7E419E058AC00227980 /* Resources */,
			);
			buildRules = (
			);
			dependencies = (
				3AB2A7E819E058AC00227980 /* PBXTargetDependency */,
			);
			name = KeychainUnlockerTests;
			productName = KeychainUnlockerTests;
			productReference = 3AB2A7E619E058AC00227980 /* KeychainUnlockerTests.xctest */;
			productType = "com.apple.product-type.bundle.unit-test";
		};
/* End PBXNativeTarget section */

/* Begin PBXProject section */
		3AB2A7CB19E058AC00227980 /* Project object */ = {
			isa = PBXProject;
			attributes = {
				LastUpgradeCheck = 0600;
				ORGANIZATIONNAME = "Rasmus Sten";
				TargetAttributes = {
					3AB2A7D219E058AC00227980 = {
						CreatedOnToolsVersion = 6.0.1;
						SystemCapabilities = {
							com.apple.Sandbox = {
								enabled = 0;
							};
						};
					};
					3AB2A7E519E058AC00227980 = {
						CreatedOnToolsVersion = 6.0.1;
						TestTargetID = 3AB2A7D219E058AC00227980;
					};
				};
			};
			buildConfigurationList = 3AB2A7CE19E058AC00227980 /* Build configuration list for PBXProject "KeychainUnlocker" */;
			compatibilityVersion = "Xcode 3.2";
			developmentRegion = English;
			hasScannedForEncodings = 0;
			knownRegions = (
				en,
				Base,
			);
			mainGroup = 3AB2A7CA19E058AC00227980;
			productRefGroup = 3AB2A7D419E058AC00227980 /* Products */;
			projectDirPath = "";
			projectRoot = "";
			targets = (
				3AB2A7D219E058AC00227980 /* KeychainUnlocker */,
				3AB2A7E519E058AC00227980 /* KeychainUnlockerTests */,
			);
		};
/* End PBXProject section */

/* Begin PBXResourcesBuildPhase section */
		3AB2A7D119E058AC00227980 /* Resources */ = {
			isa = PBXResourcesBuildPhase;
			buildActionMask = 2147483647;
			files = (
				3AB2A7DE19E058AC00227980 /* Images.xcassets in Resources */,
				3ADDFCB119E3075E00335EE7 /* SetupViewController.xib in Resources */,
				3AB2A7E119E058AC00227980 /* MainMenu.xib in Resources */,
			);
			runOnlyForDeploymentPostprocessing = 0;
		};
		3AB2A7E419E058AC00227980 /* Resources */ = {
			isa = PBXResourcesBuildPhase;
			buildActionMask = 2147483647;
			files = (
			);
			runOnlyForDeploymentPostprocessing = 0;
		};
/* End PBXResourcesBuildPhase section */

/* Begin PBXSourcesBuildPhase section */
		3AB2A7CF19E058AC00227980 /* Sources */ = {
			isa = PBXSourcesBuildPhase;
			buildActionMask = 2147483647;
			files = (
				3AB2A7DC19E058AC00227980 /* AppDelegate.m in Sources */,
				3ADDFCB019E3075E00335EE7 /* SetupViewController.m in Sources */,
				3AB2A7D919E058AC00227980 /* main.m in Sources */,
			);
			runOnlyForDeploymentPostprocessing = 0;
		};
		3AB2A7E219E058AC00227980 /* Sources */ = {
			isa = PBXSourcesBuildPhase;
			buildActionMask = 2147483647;
			files = (
				3AB2A7ED19E058AC00227980 /* KeychainUnlockerTests.m in Sources */,
			);
			runOnlyForDeploymentPostprocessing = 0;
		};
/* End PBXSourcesBuildPhase section */

/* Begin PBXTargetDependency section */
		3AB2A7E819E058AC00227980 /* PBXTargetDependency */ = {
			isa = PBXTargetDependency;
			target = 3AB2A7D219E058AC00227980 /* KeychainUnlocker */;
			targetProxy = 3AB2A7E719E058AC00227980 /* PBXContainerItemProxy */;
		};
/* End PBXTargetDependency section */

/* Begin PBXVariantGroup section */
		3AB2A7DF19E058AC00227980 /* MainMenu.xib */ = {
			isa = PBXVariantGroup;
			children = (
				3AB2A7E019E058AC00227980 /* Base */,
			);
			name = MainMenu.xib;
			sourceTree = "<group>";
		};
/* End PBXVariantGroup section */

/* Begin XCBuildConfiguration section */
		3AB2A7EE19E058AC00227980 /* Debug */ = {
			isa = XCBuildConfiguration;
			buildSettings = {
				ALWAYS_SEARCH_USER_PATHS = NO;
				CLANG_CXX_LANGUAGE_STANDARD = "gnu++0x";
				CLANG_CXX_LIBRARY = "libc++";
				CLANG_ENABLE_MODULES = YES;
				CLANG_ENABLE_OBJC_ARC = YES;
				CLANG_WARN_BOOL_CONVERSION = YES;
				CLANG_WARN_CONSTANT_CONVERSION = YES;
				CLANG_WARN_DIRECT_OBJC_ISA_USAGE = YES_ERROR;
				CLANG_WARN_EMPTY_BODY = YES;
				CLANG_WARN_ENUM_CONVERSION = YES;
				CLANG_WARN_INT_CONVERSION = YES;
				CLANG_WARN_OBJC_ROOT_CLASS = YES_ERROR;
				CLANG_WARN_UNREACHABLE_CODE = YES;
				CLANG_WARN__DUPLICATE_METHOD_MATCH = YES;
				CODE_SIGN_IDENTITY = "-";
				COPY_PHASE_STRIP = NO;
				ENABLE_STRICT_OBJC_MSGSEND = YES;
				GCC_C_LANGUAGE_STANDARD = gnu99;
				GCC_DYNAMIC_NO_PIC = NO;
				GCC_OPTIMIZATION_LEVEL = 0;
				GCC_PREPROCESSOR_DEFINITIONS = (
					"DEBUG=1",
					"$(inherited)",
				);
				GCC_SYMBOLS_PRIVATE_EXTERN = NO;
				GCC_WARN_64_TO_32_BIT_CONVERSION = YES;
				GCC_WARN_ABOUT_RETURN_TYPE = YES_ERROR;
				GCC_WARN_UNDECLARED_SELECTOR = YES;
				GCC_WARN_UNINITIALIZED_AUTOS = YES_AGGRESSIVE;
				GCC_WARN_UNUSED_FUNCTION = YES;
				GCC_WARN_UNUSED_VARIABLE = YES;
				MACOSX_DEPLOYMENT_TARGET = 10.10;
				MTL_ENABLE_DEBUG_INFO = YES;
				ONLY_ACTIVE_ARCH = YES;
				SDKROOT = macosx;
			};
			name = Debug;
		};
		3AB2A7EF19E058AC00227980 /* Release */ = {
			isa = XCBuildConfiguration;
			buildSettings = {
				ALWAYS_SEARCH_USER_PATHS = NO;
				CLANG_CXX_LANGUAGE_STANDARD = "gnu++0x";
				CLANG_CXX_LIBRARY = "libc++";
				CLANG_ENABLE_MODULES = YES;
				CLANG_ENABLE_OBJC_ARC = YES;
				CLANG_WARN_BOOL_CONVERSION = YES;
				CLANG_WARN_CONSTANT_CONVERSION = YES;
				CLANG_WARN_DIRECT_OBJC_ISA_USAGE = YES_ERROR;
				CLANG_WARN_EMPTY_BODY = YES;
				CLANG_WARN_ENUM_CONVERSION = YES;
				CLANG_WARN_INT_CONVERSION = YES;
				CLANG_WARN_OBJC_ROOT_CLASS = YES_ERROR;
				CLANG_WARN_UNREACHABLE_CODE = YES;
				CLANG_WARN__DUPLICATE_METHOD_MATCH = YES;
				CODE_SIGN_IDENTITY = "-";
				COPY_PHASE_STRIP = YES;
				DEBUG_INFORMATION_FORMAT = "dwarf-with-dsym";
				ENABLE_NS_ASSERTIONS = NO;
				ENABLE_STRICT_OBJC_MSGSEND = YES;
				GCC_C_LANGUAGE_STANDARD = gnu99;
				GCC_WARN_64_TO_32_BIT_CONVERSION = YES;
				GCC_WARN_ABOUT_RETURN_TYPE = YES_ERROR;
				GCC_WARN_UNDECLARED_SELECTOR = YES;
				GCC_WARN_UNINITIALIZED_AUTOS = YES_AGGRESSIVE;
				GCC_WARN_UNUSED_FUNCTION = YES;
				GCC_WARN_UNUSED_VARIABLE = YES;
				MACOSX_DEPLOYMENT_TARGET = 10.10;
				MTL_ENABLE_DEBUG_INFO = NO;
				SDKROOT = macosx;
			};
			name = Release;
		};
		3AB2A7F119E058AC00227980 /* Debug */ = {
			isa = XCBuildConfiguration;
			buildSettings = {
				ASSETCATALOG_COMPILER_APPICON_NAME = AppIcon;
				COMBINE_HIDPI_IMAGES = YES;
				INFOPLIST_FILE = KeychainUnlocker/Info.plist;
				LD_RUNPATH_SEARCH_PATHS = "$(inherited) @executable_path/../Frameworks";
				PRODUCT_NAME = "$(TARGET_NAME)";
			};
			name = Debug;
		};
		3AB2A7F219E058AC00227980 /* Release */ = {
			isa = XCBuildConfiguration;
			buildSettings = {
				ASSETCATALOG_COMPILER_APPICON_NAME = AppIcon;
				COMBINE_HIDPI_IMAGES = YES;
				INFOPLIST_FILE = KeychainUnlocker/Info.plist;
				LD_RUNPATH_SEARCH_PATHS = "$(inherited) @executable_path/../Frameworks";
				PRODUCT_NAME = "$(TARGET_NAME)";
			};
			name = Release;
		};
		3AB2A7F419E058AC00227980 /* Debug */ = {
			isa = XCBuildConfiguration;
			buildSettings = {
				BUNDLE_LOADER = "$(TEST_HOST)";
				COMBINE_HIDPI_IMAGES = YES;
				FRAMEWORK_SEARCH_PATHS = (
					"$(DEVELOPER_FRAMEWORKS_DIR)",
					"$(inherited)",
				);
				GCC_PREPROCESSOR_DEFINITIONS = (
					"DEBUG=1",
					"$(inherited)",
				);
				INFOPLIST_FILE = KeychainUnlockerTests/Info.plist;
				LD_RUNPATH_SEARCH_PATHS = "$(inherited) @executable_path/../Frameworks @loader_path/../Frameworks";
				PRODUCT_NAME = "$(TARGET_NAME)";
				TEST_HOST = "$(BUILT_PRODUCTS_DIR)/KeychainUnlocker.app/Contents/MacOS/KeychainUnlocker";
			};
			name = Debug;
		};
		3AB2A7F519E058AC00227980 /* Release */ = {
			isa = XCBuildConfiguration;
			buildSettings = {
				BUNDLE_LOADER = "$(TEST_HOST)";
				COMBINE_HIDPI_IMAGES = YES;
				FRAMEWORK_SEARCH_PATHS = (
					"$(DEVELOPER_FRAMEWORKS_DIR)",
					"$(inherited)",
				);
				INFOPLIST_FILE = KeychainUnlockerTests/Info.plist;
				LD_RUNPATH_SEARCH_PATHS = "$(inherited) @executable_path/../Frameworks @loader_path/../Frameworks";
				PRODUCT_NAME = "$(TARGET_NAME)";
				TEST_HOST = "$(BUILT_PRODUCTS_DIR)/KeychainUnlocker.app/Contents/MacOS/KeychainUnlocker";
			};
			name = Release;
		};
/* End XCBuildConfiguration section */

/* Begin XCConfigurationList section */
		3AB2A7CE19E058AC00227980 /* Build configuration list for PBXProject "KeychainUnlocker" */ = {
			isa = XCConfigurationList;
			buildConfigurations = (
				3AB2A7EE19E058AC00227980 /* Debug */,
				3AB2A7EF19E058AC00227980 /* Release */,
			);
			defaultConfigurationIsVisible = 0;
			defaultConfigurationName = Release;
		};
		3AB2A7F019E058AC00227980 /* Build configuration list for PBXNativeTarget "KeychainUnlocker" */ = {
			isa = XCConfigurationList;
			buildConfigurations = (
				3AB2A7F119E058AC00227980 /* Debug */,
				3AB2A7F219E058AC00227980 /* Release */,
			);
			defaultConfigurationIsVisible = 0;
			defaultConfigurationName = Release;
		};
		3AB2A7F319E058AC00227980 /* Build configuration list for PBXNativeTarget "KeychainUnlockerTests" */ = {
			isa = XCConfigurationList;
			buildConfigurations = (
				3AB2A7F419E058AC00227980 /* Debug */,
				3AB2A7F519E058AC00227980 /* Release */,
			);
			defaultConfigurationIsVisible = 0;
			defaultConfigurationName = Release;
		};
/* End XCConfigurationList section */
	};
	rootObject = 3AB2A7CB19E058AC00227980 /* Project object */;
}
